
Microsoft Visual Studio Solution File, Format Version 12.00
# Visual Studio 2012
Project("{FAE04EC0-301F-11D3-BF4B-00C04F79EFBC}") = "PersonnalLibrary", "PersonnalLibrary.Components\PersonnalLibrary.csproj", "{8C969AAD-51E2-415F-BF70-50E050C5342F}"
EndProject
Project("{FAE04EC0-301F-11D3-BF4B-00C04F79EFBC}") = "PersonnalLibrary.Tests", "PersonnalLibrary.ComponentsTest\PersonnalLibrary.Tests.csproj", "{7D69AFD7-BAD2-408A-BFB7-8985F40275E3}"
EndProject
Global
	GlobalSection(SolutionConfigurationPlatforms) = preSolution
		Debug|Any CPU = Debug|Any CPU
		Release|Any CPU = Release|Any CPU
	EndGlobalSection
	GlobalSection(ProjectConfigurationPlatforms) = postSolution
		{8C969AAD-51E2-415F-BF70-50E050C5342F}.Debug|Any CPU.ActiveCfg = Debug|Any CPU
		{8C969AAD-51E2-415F-BF70-50E050C5342F}.Debug|Any CPU.Build.0 = Debug|Any CPU
		{8C969AAD-51E2-415F-BF70-50E050C5342F}.Release|Any CPU.ActiveCfg = Release|Any CPU
		{8C969AAD-51E2-415F-BF70-50E050C5342F}.Release|Any CPU.Build.0 = Release|Any CPU
		{7D69AFD7-BAD2-408A-BFB7-8985F40275E3}.Debug|Any CPU.ActiveCfg = Debug|Any CPU
		{7D69AFD7-BAD2-408A-BFB7-8985F40275E3}.Debug|Any CPU.Build.0 = Debug|Any CPU
		{7D69AFD7-BAD2-408A-BFB7-8985F40275E3}.Release|Any CPU.ActiveCfg = Release|Any CPU
		{7D69AFD7-BAD2-408A-BFB7-8985F40275E3}.Release|Any CPU.Build.0 = Release|Any CPU
	EndGlobalSection
	GlobalSection(SolutionProperties) = preSolution
		HideSolutionNode = FALSE
	EndGlobalSection
EndGlobal
